
Microsoft Visual Studio Solution File, Format Version 12.00
# Visual Studio Version 16
VisualStudioVersion = 16.0.31129.286
MinimumVisualStudioVersion = 10.0.40219.1
Project("{FAE04EC0-301F-11D3-BF4B-00C04F79EFBC}") = "VideoBlogging", "VideoBlogging.csproj", "{938A914B-EFEC-4CD4-8D3B-87B08B242837}"
EndProject
Global
	GlobalSection(SolutionConfigurationPlatforms) = preSolution
		Debug|Any CPU = Debug|Any CPU
		Release|Any CPU = Release|Any CPU
	EndGlobalSection
	GlobalSection(ProjectConfigurationPlatforms) = postSolution
		{938A914B-EFEC-4CD4-8D3B-87B08B242837}.Debug|Any CPU.ActiveCfg = Debug|Any CPU
		{938A914B-EFEC-4CD4-8D3B-87B08B242837}.Debug|Any CPU.Build.0 = Debug|Any CPU
		{938A914B-EFEC-4CD4-8D3B-87B08B242837}.Release|Any CPU.ActiveCfg = Release|Any CPU
		{938A914B-EFEC-4CD4-8D3B-87B08B242837}.Release|Any CPU.Build.0 = Release|Any CPU
	EndGlobalSection
	GlobalSection(SolutionProperties) = preSolution
		HideSolutionNode = FALSE
	EndGlobalSection
	GlobalSection(ExtensibilityGlobals) = postSolution
		SolutionGuid = {276AD644-CFF6-4589-B8D9-02766DC9690B}
	EndGlobalSection
EndGlobal
