
Microsoft Visual Studio Solution File, Format Version 12.00
# Visual Studio Version 16
VisualStudioVersion = 16.0.31129.286
MinimumVisualStudioVersion = 10.0.40219.1
Project("{FAE04EC0-301F-11D3-BF4B-00C04F79EFBC}") = "VideoBlogging", "VideoBlogging.csproj", "{5D08FC5F-A27D-4907-9B4D-0D3ABB1B8F6F}"
EndProject
Global
	GlobalSection(SolutionConfigurationPlatforms) = preSolution
		Debug|Any CPU = Debug|Any CPU
		Release|Any CPU = Release|Any CPU
	EndGlobalSection
	GlobalSection(ProjectConfigurationPlatforms) = postSolution
		{5D08FC5F-A27D-4907-9B4D-0D3ABB1B8F6F}.Debug|Any CPU.ActiveCfg = Debug|Any CPU
		{5D08FC5F-A27D-4907-9B4D-0D3ABB1B8F6F}.Debug|Any CPU.Build.0 = Debug|Any CPU
		{5D08FC5F-A27D-4907-9B4D-0D3ABB1B8F6F}.Release|Any CPU.ActiveCfg = Release|Any CPU
		{5D08FC5F-A27D-4907-9B4D-0D3ABB1B8F6F}.Release|Any CPU.Build.0 = Release|Any CPU
	EndGlobalSection
	GlobalSection(SolutionProperties) = preSolution
		HideSolutionNode = FALSE
	EndGlobalSection
	GlobalSection(ExtensibilityGlobals) = postSolution
		SolutionGuid = {4E3E30E8-800C-4925-A6C8-7517C7DC848C}
	EndGlobalSection
EndGlobal
